
Microsoft Visual Studio Solution File, Format Version 12.00
# Visual Studio Version 16
VisualStudioVersion = 16.0.31515.178
MinimumVisualStudioVersion = 10.0.40219.1
Project("{9A19103F-16F7-4668-BE54-9A1E7A4F7556}") = "Week4.Library.Core", "Week4.Library.Core\Week4.Library.Core.csproj", "{A48BC4FE-9F96-42B1-864F-3DCD2C4168ED}"
EndProject
Project("{9A19103F-16F7-4668-BE54-9A1E7A4F7556}") = "Week4.Library.EF", "Week4.Library.EF\Week4.Library.EF.csproj", "{969E171B-B657-483C-A413-0922AE1DA0A6}"
EndProject
Project("{FAE04EC0-301F-11D3-BF4B-00C04F79EFBC}") = "Week4.Library.LibraryAPI", "Week4.Library.AppClient\Week4.Library.LibraryAPI.csproj", "{83F7AB26-4A35-4FCE-82AA-48A09C2B3B1C}"
EndProject
Project("{FAE04EC0-301F-11D3-BF4B-00C04F79EFBC}") = "Week4.Library.ClientAPI", "Week4.Library.ClientAPI\Week4.Library.ClientAPI.csproj", "{4FDA0508-6912-4D3B-AA4D-B6B1B55556D8}"
EndProject
Global
	GlobalSection(SolutionConfigurationPlatforms) = preSolution
		Debug|Any CPU = Debug|Any CPU
		Release|Any CPU = Release|Any CPU
	EndGlobalSection
	GlobalSection(ProjectConfigurationPlatforms) = postSolution
		{A48BC4FE-9F96-42B1-864F-3DCD2C4168ED}.Debug|Any CPU.ActiveCfg = Debug|Any CPU
		{A48BC4FE-9F96-42B1-864F-3DCD2C4168ED}.Debug|Any CPU.Build.0 = Debug|Any CPU
		{A48BC4FE-9F96-42B1-864F-3DCD2C4168ED}.Release|Any CPU.ActiveCfg = Release|Any CPU
		{A48BC4FE-9F96-42B1-864F-3DCD2C4168ED}.Release|Any CPU.Build.0 = Release|Any CPU
		{969E171B-B657-483C-A413-0922AE1DA0A6}.Debug|Any CPU.ActiveCfg = Debug|Any CPU
		{969E171B-B657-483C-A413-0922AE1DA0A6}.Debug|Any CPU.Build.0 = Debug|Any CPU
		{969E171B-B657-483C-A413-0922AE1DA0A6}.Release|Any CPU.ActiveCfg = Release|Any CPU
		{969E171B-B657-483C-A413-0922AE1DA0A6}.Release|Any CPU.Build.0 = Release|Any CPU
		{83F7AB26-4A35-4FCE-82AA-48A09C2B3B1C}.Debug|Any CPU.ActiveCfg = Debug|Any CPU
		{83F7AB26-4A35-4FCE-82AA-48A09C2B3B1C}.Debug|Any CPU.Build.0 = Debug|Any CPU
		{83F7AB26-4A35-4FCE-82AA-48A09C2B3B1C}.Release|Any CPU.ActiveCfg = Release|Any CPU
		{83F7AB26-4A35-4FCE-82AA-48A09C2B3B1C}.Release|Any CPU.Build.0 = Release|Any CPU
		{4FDA0508-6912-4D3B-AA4D-B6B1B55556D8}.Debug|Any CPU.ActiveCfg = Debug|Any CPU
		{4FDA0508-6912-4D3B-AA4D-B6B1B55556D8}.Debug|Any CPU.Build.0 = Debug|Any CPU
		{4FDA0508-6912-4D3B-AA4D-B6B1B55556D8}.Release|Any CPU.ActiveCfg = Release|Any CPU
		{4FDA0508-6912-4D3B-AA4D-B6B1B55556D8}.Release|Any CPU.Build.0 = Release|Any CPU
	EndGlobalSection
	GlobalSection(SolutionProperties) = preSolution
		HideSolutionNode = FALSE
	EndGlobalSection
	GlobalSection(ExtensibilityGlobals) = postSolution
		SolutionGuid = {B27B6A5F-7D4F-4FDF-B473-50E40E763EBC}
	EndGlobalSection
EndGlobal
